
Microsoft Visual Studio Solution File, Format Version 12.00
# Visual Studio Version 17
VisualStudioVersion = 17.9.34622.214
MinimumVisualStudioVersion = 10.0.40219.1
Project("{FAE04EC0-301F-11D3-BF4B-00C04F79EFBC}") = "ProductSearchApp.Server", "ProductSearchApp.Server\ProductSearchApp.Server.csproj", "{A15A4042-9731-49C3-8339-9E5C44C0499A}"
EndProject
Project("{54A90642-561A-4BB1-A94E-469ADEE60C69}") = "productsearchapp.client", "productsearchapp.client\productsearchapp.client.esproj", "{6B4420FF-F876-4F7C-A1B5-B499F68434B0}"
EndProject
Global
	GlobalSection(SolutionConfigurationPlatforms) = preSolution
		Debug|Any CPU = Debug|Any CPU
		Release|Any CPU = Release|Any CPU
	EndGlobalSection
	GlobalSection(ProjectConfigurationPlatforms) = postSolution
		{A15A4042-9731-49C3-8339-9E5C44C0499A}.Debug|Any CPU.ActiveCfg = Debug|Any CPU
		{A15A4042-9731-49C3-8339-9E5C44C0499A}.Debug|Any CPU.Build.0 = Debug|Any CPU
		{A15A4042-9731-49C3-8339-9E5C44C0499A}.Release|Any CPU.ActiveCfg = Release|Any CPU
		{A15A4042-9731-49C3-8339-9E5C44C0499A}.Release|Any CPU.Build.0 = Release|Any CPU
		{6B4420FF-F876-4F7C-A1B5-B499F68434B0}.Debug|Any CPU.ActiveCfg = Debug|Any CPU
		{6B4420FF-F876-4F7C-A1B5-B499F68434B0}.Debug|Any CPU.Build.0 = Debug|Any CPU
		{6B4420FF-F876-4F7C-A1B5-B499F68434B0}.Debug|Any CPU.Deploy.0 = Debug|Any CPU
		{6B4420FF-F876-4F7C-A1B5-B499F68434B0}.Release|Any CPU.ActiveCfg = Release|Any CPU
		{6B4420FF-F876-4F7C-A1B5-B499F68434B0}.Release|Any CPU.Build.0 = Release|Any CPU
		{6B4420FF-F876-4F7C-A1B5-B499F68434B0}.Release|Any CPU.Deploy.0 = Release|Any CPU
	EndGlobalSection
	GlobalSection(SolutionProperties) = preSolution
		HideSolutionNode = FALSE
	EndGlobalSection
	GlobalSection(ExtensibilityGlobals) = postSolution
		SolutionGuid = {0868EB5C-26FC-456C-85D7-5EE2F7C19FD2}
	EndGlobalSection
EndGlobal
